// !$*UTF8*$!
{
	archiveVersion = 1;
	classes = {
	};
	objectVersion = 56;
	objects = {

/* Begin PBXBuildFile section */
		0C144A1129EDB0CF005F4747 /* CCCAlbum.swift in Sources */ = {isa = PBXBuildFile; fileRef = 0C144A1029EDB0CF005F4747 /* CCCAlbum.swift */; };
		0C144A1C29EDC4EE005F4747 /* TrackView.swift in Sources */ = {isa = PBXBuildFile; fileRef = 0C144A1529EDB3B6005F4747 /* TrackView.swift */; };
		0C42BDA129DCAF9A00BA0ADB /* RaccacoonieApp.swift in Sources */ = {isa = PBXBuildFile; fileRef = 0C42BDA029DCAF9A00BA0ADB /* RaccacoonieApp.swift */; };
		0C42BDA329DCAF9A00BA0ADB /* ContentView.swift in Sources */ = {isa = PBXBuildFile; fileRef = 0C42BDA229DCAF9A00BA0ADB /* ContentView.swift */; };
		0C42BDA529DCAF9B00BA0ADB /* Assets.xcassets in Resources */ = {isa = PBXBuildFile; fileRef = 0C42BDA429DCAF9B00BA0ADB /* Assets.xcassets */; };
		0C42BDA829DCAF9B00BA0ADB /* Preview Assets.xcassets in Resources */ = {isa = PBXBuildFile; fileRef = 0C42BDA729DCAF9B00BA0ADB /* Preview Assets.xcassets */; };
		0C4A66A429E50B650048C761 /* ViewModel.swift in Sources */ = {isa = PBXBuildFile; fileRef = 0C4A66A329E50B650048C761 /* ViewModel.swift */; };
		0C4A66A629E50C990048C761 /* AlbumView.swift in Sources */ = {isa = PBXBuildFile; fileRef = 0C4A66A529E50C990048C761 /* AlbumView.swift */; };
		0C5E3F4D29F4669100200D91 /* CCCPlaybackError.swift in Sources */ = {isa = PBXBuildFile; fileRef = 0C5E3F4C29F4669100200D91 /* CCCPlaybackError.swift */; };
		0C70B94C29ECBAE300483322 /* SpotifyAPI in Frameworks */ = {isa = PBXBuildFile; productRef = 0C70B94B29ECBAE300483322 /* SpotifyAPI */; };
		0C70B94F29ECD56A00483322 /* CCCTrack.swift in Sources */ = {isa = PBXBuildFile; fileRef = 0C70B94E29ECD56A00483322 /* CCCTrack.swift */; };
		0C70B95129ECF1C500483322 /* SpotifyWrapper.swift in Sources */ = {isa = PBXBuildFile; fileRef = 0C70B95029ECF1C500483322 /* SpotifyWrapper.swift */; };
		0C7D9C7129F9C0A700B869F8 /* MenuBarView.swift in Sources */ = {isa = PBXBuildFile; fileRef = 0C7D9C7029F9C0A700B869F8 /* MenuBarView.swift */; };
		0CA5478629F7214100EFAFD2 /* PlaybackControllerView.swift in Sources */ = {isa = PBXBuildFile; fileRef = 0CA5478529F7214100EFAFD2 /* PlaybackControllerView.swift */; };
/* End PBXBuildFile section */

/* Begin PBXCopyFilesBuildPhase section */
		0C93C6BC29DF9B1400C0BE6B /* Embed Foundation Extensions */ = {
			isa = PBXCopyFilesBuildPhase;
			buildActionMask = 2147483647;
			dstPath = "";
			dstSubfolderSpec = 13;
			files = (
			);
			name = "Embed Foundation Extensions";
			runOnlyForDeploymentPostprocessing = 0;
		};
/* End PBXCopyFilesBuildPhase section */

/* Begin PBXFileReference section */
		0C144A1029EDB0CF005F4747 /* CCCAlbum.swift */ = {isa = PBXFileReference; lastKnownFileType = sourcecode.swift; path = CCCAlbum.swift; sourceTree = "<group>"; };
		0C144A1529EDB3B6005F4747 /* TrackView.swift */ = {isa = PBXFileReference; lastKnownFileType = sourcecode.swift; path = TrackView.swift; sourceTree = "<group>"; };
		0C42BD9D29DCAF9A00BA0ADB /* Raccacoonie.app */ = {isa = PBXFileReference; explicitFileType = wrapper.application; includeInIndex = 0; path = Raccacoonie.app; sourceTree = BUILT_PRODUCTS_DIR; };
		0C42BDA029DCAF9A00BA0ADB /* RaccacoonieApp.swift */ = {isa = PBXFileReference; lastKnownFileType = sourcecode.swift; path = RaccacoonieApp.swift; sourceTree = "<group>"; };
		0C42BDA229DCAF9A00BA0ADB /* ContentView.swift */ = {isa = PBXFileReference; lastKnownFileType = sourcecode.swift; path = ContentView.swift; sourceTree = "<group>"; };
		0C42BDA429DCAF9B00BA0ADB /* Assets.xcassets */ = {isa = PBXFileReference; lastKnownFileType = folder.assetcatalog; path = Assets.xcassets; sourceTree = "<group>"; };
		0C42BDA729DCAF9B00BA0ADB /* Preview Assets.xcassets */ = {isa = PBXFileReference; lastKnownFileType = folder.assetcatalog; path = "Preview Assets.xcassets"; sourceTree = "<group>"; };
		0C42BDA929DCAF9B00BA0ADB /* Raccacoonie.entitlements */ = {isa = PBXFileReference; lastKnownFileType = text.plist.entitlements; path = Raccacoonie.entitlements; sourceTree = "<group>"; };
		0C4A66A329E50B650048C761 /* ViewModel.swift */ = {isa = PBXFileReference; lastKnownFileType = sourcecode.swift; path = ViewModel.swift; sourceTree = "<group>"; };
		0C4A66A529E50C990048C761 /* AlbumView.swift */ = {isa = PBXFileReference; lastKnownFileType = sourcecode.swift; path = AlbumView.swift; sourceTree = "<group>"; };
		0C5E3F4C29F4669100200D91 /* CCCPlaybackError.swift */ = {isa = PBXFileReference; lastKnownFileType = sourcecode.swift; path = CCCPlaybackError.swift; sourceTree = "<group>"; };
		0C70B94D29ECC4A100483322 /* Info.plist */ = {isa = PBXFileReference; lastKnownFileType = text.plist; path = Info.plist; sourceTree = "<group>"; };
		0C70B94E29ECD56A00483322 /* CCCTrack.swift */ = {isa = PBXFileReference; lastKnownFileType = sourcecode.swift; path = CCCTrack.swift; sourceTree = "<group>"; };
		0C70B95029ECF1C500483322 /* SpotifyWrapper.swift */ = {isa = PBXFileReference; lastKnownFileType = sourcecode.swift; path = SpotifyWrapper.swift; sourceTree = "<group>"; };
		0C7D9C7029F9C0A700B869F8 /* MenuBarView.swift */ = {isa = PBXFileReference; lastKnownFileType = sourcecode.swift; path = MenuBarView.swift; sourceTree = "<group>"; };
		0C93C6AB29DF9B1200C0BE6B /* WidgetKit.framework */ = {isa = PBXFileReference; lastKnownFileType = wrapper.framework; name = WidgetKit.framework; path = System/Library/Frameworks/WidgetKit.framework; sourceTree = SDKROOT; };
		0C93C6AD29DF9B1300C0BE6B /* SwiftUI.framework */ = {isa = PBXFileReference; lastKnownFileType = wrapper.framework; name = SwiftUI.framework; path = System/Library/Frameworks/SwiftUI.framework; sourceTree = SDKROOT; };
		0CA5478529F7214100EFAFD2 /* PlaybackControllerView.swift */ = {isa = PBXFileReference; lastKnownFileType = sourcecode.swift; path = PlaybackControllerView.swift; sourceTree = "<group>"; };
/* End PBXFileReference section */

/* Begin PBXFrameworksBuildPhase section */
		0C42BD9A29DCAF9A00BA0ADB /* Frameworks */ = {
			isa = PBXFrameworksBuildPhase;
			buildActionMask = 2147483647;
			files = (
				0C70B94C29ECBAE300483322 /* SpotifyAPI in Frameworks */,
			);
			runOnlyForDeploymentPostprocessing = 0;
		};
/* End PBXFrameworksBuildPhase section */

/* Begin PBXGroup section */
		0C42BD9429DCAF9A00BA0ADB = {
			isa = PBXGroup;
			children = (
				0C42BD9F29DCAF9A00BA0ADB /* Raccacoonie */,
				0C93C6AA29DF9B1200C0BE6B /* Frameworks */,
				0C42BD9E29DCAF9A00BA0ADB /* Products */,
			);
			sourceTree = "<group>";
		};
		0C42BD9E29DCAF9A00BA0ADB /* Products */ = {
			isa = PBXGroup;
			children = (
				0C42BD9D29DCAF9A00BA0ADB /* Raccacoonie.app */,
			);
			name = Products;
			sourceTree = "<group>";
		};
		0C42BD9F29DCAF9A00BA0ADB /* Raccacoonie */ = {
			isa = PBXGroup;
			children = (
				0C70B94D29ECC4A100483322 /* Info.plist */,
				0C42BDA029DCAF9A00BA0ADB /* RaccacoonieApp.swift */,
				0C42BDA229DCAF9A00BA0ADB /* ContentView.swift */,
				0C4A66A229E50B240048C761 /* View Models */,
				0C4A66A129E50B200048C761 /* Views */,
				0C4A66A029E50B140048C761 /* Data */,
				0C42BDA429DCAF9B00BA0ADB /* Assets.xcassets */,
				0C42BDA929DCAF9B00BA0ADB /* Raccacoonie.entitlements */,
				0C42BDA629DCAF9B00BA0ADB /* Preview Content */,
			);
			path = Raccacoonie;
			sourceTree = "<group>";
		};
		0C42BDA629DCAF9B00BA0ADB /* Preview Content */ = {
			isa = PBXGroup;
			children = (
				0C42BDA729DCAF9B00BA0ADB /* Preview Assets.xcassets */,
			);
			path = "Preview Content";
			sourceTree = "<group>";
		};
		0C4A66A029E50B140048C761 /* Data */ = {
			isa = PBXGroup;
			children = (
				0C70B94E29ECD56A00483322 /* CCCTrack.swift */,
				0C144A1029EDB0CF005F4747 /* CCCAlbum.swift */,
				0C70B95029ECF1C500483322 /* SpotifyWrapper.swift */,
				0C5E3F4C29F4669100200D91 /* CCCPlaybackError.swift */,
			);
			path = Data;
			sourceTree = "<group>";
		};
		0C4A66A129E50B200048C761 /* Views */ = {
			isa = PBXGroup;
			children = (
				0C144A1529EDB3B6005F4747 /* TrackView.swift */,
				0C4A66A529E50C990048C761 /* AlbumView.swift */,
				0CA5478529F7214100EFAFD2 /* PlaybackControllerView.swift */,
				0C7D9C7029F9C0A700B869F8 /* MenuBarView.swift */,
			);
			path = Views;
			sourceTree = "<group>";
		};
		0C4A66A229E50B240048C761 /* View Models */ = {
			isa = PBXGroup;
			children = (
				0C4A66A329E50B650048C761 /* ViewModel.swift */,
			);
			path = "View Models";
			sourceTree = "<group>";
		};
		0C93C6AA29DF9B1200C0BE6B /* Frameworks */ = {
			isa = PBXGroup;
			children = (
				0C93C6AB29DF9B1200C0BE6B /* WidgetKit.framework */,
				0C93C6AD29DF9B1300C0BE6B /* SwiftUI.framework */,
			);
			name = Frameworks;
			sourceTree = "<group>";
		};
/* End PBXGroup section */

/* Begin PBXNativeTarget section */
		0C42BD9C29DCAF9A00BA0ADB /* Raccacoonie */ = {
			isa = PBXNativeTarget;
			buildConfigurationList = 0C42BDC229DCAF9B00BA0ADB /* Build configuration list for PBXNativeTarget "Raccacoonie" */;
			buildPhases = (
				0C42BD9929DCAF9A00BA0ADB /* Sources */,
				0C42BD9A29DCAF9A00BA0ADB /* Frameworks */,
				0C42BD9B29DCAF9A00BA0ADB /* Resources */,
				0C93C6BC29DF9B1400C0BE6B /* Embed Foundation Extensions */,
			);
			buildRules = (
			);
			dependencies = (
			);
			name = Raccacoonie;
			packageProductDependencies = (
				0C70B94B29ECBAE300483322 /* SpotifyAPI */,
			);
			productName = Raccacoonie;
			productReference = 0C42BD9D29DCAF9A00BA0ADB /* Raccacoonie.app */;
			productType = "com.apple.product-type.application";
		};
/* End PBXNativeTarget section */

/* Begin PBXProject section */
		0C42BD9529DCAF9A00BA0ADB /* Project object */ = {
			isa = PBXProject;
			attributes = {
				BuildIndependentTargetsInParallel = 1;
				LastSwiftUpdateCheck = 1420;
				LastUpgradeCheck = 1420;
				TargetAttributes = {
					0C42BD9C29DCAF9A00BA0ADB = {
						CreatedOnToolsVersion = 14.2;
					};
				};
			};
			buildConfigurationList = 0C42BD9829DCAF9A00BA0ADB /* Build configuration list for PBXProject "Raccacoonie" */;
			compatibilityVersion = "Xcode 14.0";
			developmentRegion = en;
			hasScannedForEncodings = 0;
			knownRegions = (
				en,
				Base,
			);
			mainGroup = 0C42BD9429DCAF9A00BA0ADB;
			packageReferences = (
				0C70B94A29ECBAE300483322 /* XCRemoteSwiftPackageReference "SpotifyAPI" */,
			);
			productRefGroup = 0C42BD9E29DCAF9A00BA0ADB /* Products */;
			projectDirPath = "";
			projectRoot = "";
			targets = (
				0C42BD9C29DCAF9A00BA0ADB /* Raccacoonie */,
			);
		};
/* End PBXProject section */

/* Begin PBXResourcesBuildPhase section */
		0C42BD9B29DCAF9A00BA0ADB /* Resources */ = {
			isa = PBXResourcesBuildPhase;
			buildActionMask = 2147483647;
			files = (
				0C42BDA829DCAF9B00BA0ADB /* Preview Assets.xcassets in Resources */,
				0C42BDA529DCAF9B00BA0ADB /* Assets.xcassets in Resources */,
			);
			runOnlyForDeploymentPostprocessing = 0;
		};
/* End PBXResourcesBuildPhase section */

/* Begin PBXSourcesBuildPhase section */
		0C42BD9929DCAF9A00BA0ADB /* Sources */ = {
			isa = PBXSourcesBuildPhase;
			buildActionMask = 2147483647;
			files = (
				0C70B95129ECF1C500483322 /* SpotifyWrapper.swift in Sources */,
				0C5E3F4D29F4669100200D91 /* CCCPlaybackError.swift in Sources */,
				0C4A66A629E50C990048C761 /* AlbumView.swift in Sources */,
				0C144A1129EDB0CF005F4747 /* CCCAlbum.swift in Sources */,
				0CA5478629F7214100EFAFD2 /* PlaybackControllerView.swift in Sources */,
				0C42BDA329DCAF9A00BA0ADB /* ContentView.swift in Sources */,
				0C4A66A429E50B650048C761 /* ViewModel.swift in Sources */,
				0C144A1C29EDC4EE005F4747 /* TrackView.swift in Sources */,
				0C42BDA129DCAF9A00BA0ADB /* RaccacoonieApp.swift in Sources */,
				0C70B94F29ECD56A00483322 /* CCCTrack.swift in Sources */,
				0C7D9C7129F9C0A700B869F8 /* MenuBarView.swift in Sources */,
			);
			runOnlyForDeploymentPostprocessing = 0;
		};
/* End PBXSourcesBuildPhase section */

/* Begin XCBuildConfiguration section */
		0C42BDC029DCAF9B00BA0ADB /* Debug */ = {
			isa = XCBuildConfiguration;
			buildSettings = {
				ALWAYS_SEARCH_USER_PATHS = NO;
				CLANG_ANALYZER_NONNULL = YES;
				CLANG_ANALYZER_NUMBER_OBJECT_CONVERSION = YES_AGGRESSIVE;
				CLANG_CXX_LANGUAGE_STANDARD = "gnu++20";
				CLANG_ENABLE_MODULES = YES;
				CLANG_ENABLE_OBJC_ARC = YES;
				CLANG_ENABLE_OBJC_WEAK = YES;
				CLANG_WARN_BLOCK_CAPTURE_AUTORELEASING = YES;
				CLANG_WARN_BOOL_CONVERSION = YES;
				CLANG_WARN_COMMA = YES;
				CLANG_WARN_CONSTANT_CONVERSION = YES;
				CLANG_WARN_DEPRECATED_OBJC_IMPLEMENTATIONS = YES;
				CLANG_WARN_DIRECT_OBJC_ISA_USAGE = YES_ERROR;
				CLANG_WARN_DOCUMENTATION_COMMENTS = YES;
				CLANG_WARN_EMPTY_BODY = YES;
				CLANG_WARN_ENUM_CONVERSION = YES;
				CLANG_WARN_INFINITE_RECURSION = YES;
				CLANG_WARN_INT_CONVERSION = YES;
				CLANG_WARN_NON_LITERAL_NULL_CONVERSION = YES;
				CLANG_WARN_OBJC_IMPLICIT_RETAIN_SELF = YES;
				CLANG_WARN_OBJC_LITERAL_CONVERSION = YES;
				CLANG_WARN_OBJC_ROOT_CLASS = YES_ERROR;
				CLANG_WARN_QUOTED_INCLUDE_IN_FRAMEWORK_HEADER = YES;
				CLANG_WARN_RANGE_LOOP_ANALYSIS = YES;
				CLANG_WARN_STRICT_PROTOTYPES = YES;
				CLANG_WARN_SUSPICIOUS_MOVE = YES;
				CLANG_WARN_UNGUARDED_AVAILABILITY = YES_AGGRESSIVE;
				CLANG_WARN_UNREACHABLE_CODE = YES;
				CLANG_WARN__DUPLICATE_METHOD_MATCH = YES;
				COPY_PHASE_STRIP = NO;
				DEBUG_INFORMATION_FORMAT = dwarf;
				ENABLE_STRICT_OBJC_MSGSEND = YES;
				ENABLE_TESTABILITY = YES;
				GCC_C_LANGUAGE_STANDARD = gnu11;
				GCC_DYNAMIC_NO_PIC = NO;
				GCC_NO_COMMON_BLOCKS = YES;
				GCC_OPTIMIZATION_LEVEL = 0;
				GCC_PREPROCESSOR_DEFINITIONS = (
					"DEBUG=1",
					"$(inherited)",
				);
				GCC_WARN_64_TO_32_BIT_CONVERSION = YES;
				GCC_WARN_ABOUT_RETURN_TYPE = YES_ERROR;
				GCC_WARN_UNDECLARED_SELECTOR = YES;
				GCC_WARN_UNINITIALIZED_AUTOS = YES_AGGRESSIVE;
				GCC_WARN_UNUSED_FUNCTION = YES;
				GCC_WARN_UNUSED_VARIABLE = YES;
				MACOSX_DEPLOYMENT_TARGET = 13.1;
				MTL_ENABLE_DEBUG_INFO = INCLUDE_SOURCE;
				MTL_FAST_MATH = YES;
				ONLY_ACTIVE_ARCH = YES;
				SDKROOT = macosx13.1;
				SWIFT_ACTIVE_COMPILATION_CONDITIONS = DEBUG;
				SWIFT_OPTIMIZATION_LEVEL = "-Onone";
			};
			name = Debug;
		};
		0C42BDC129DCAF9B00BA0ADB /* Release */ = {
			isa = XCBuildConfiguration;
			buildSettings = {
				ALWAYS_SEARCH_USER_PATHS = NO;
				CLANG_ANALYZER_NONNULL = YES;
				CLANG_ANALYZER_NUMBER_OBJECT_CONVERSION = YES_AGGRESSIVE;
				CLANG_CXX_LANGUAGE_STANDARD = "gnu++20";
				CLANG_ENABLE_MODULES = YES;
				CLANG_ENABLE_OBJC_ARC = YES;
				CLANG_ENABLE_OBJC_WEAK = YES;
				CLANG_WARN_BLOCK_CAPTURE_AUTORELEASING = YES;
				CLANG_WARN_BOOL_CONVERSION = YES;
				CLANG_WARN_COMMA = YES;
				CLANG_WARN_CONSTANT_CONVERSION = YES;
				CLANG_WARN_DEPRECATED_OBJC_IMPLEMENTATIONS = YES;
				CLANG_WARN_DIRECT_OBJC_ISA_USAGE = YES_ERROR;
				CLANG_WARN_DOCUMENTATION_COMMENTS = YES;
				CLANG_WARN_EMPTY_BODY = YES;
				CLANG_WARN_ENUM_CONVERSION = YES;
				CLANG_WARN_INFINITE_RECURSION = YES;
				CLANG_WARN_INT_CONVERSION = YES;
				CLANG_WARN_NON_LITERAL_NULL_CONVERSION = YES;
				CLANG_WARN_OBJC_IMPLICIT_RETAIN_SELF = YES;
				CLANG_WARN_OBJC_LITERAL_CONVERSION = YES;
				CLANG_WARN_OBJC_ROOT_CLASS = YES_ERROR;
				CLANG_WARN_QUOTED_INCLUDE_IN_FRAMEWORK_HEADER = YES;
				CLANG_WARN_RANGE_LOOP_ANALYSIS = YES;
				CLANG_WARN_STRICT_PROTOTYPES = YES;
				CLANG_WARN_SUSPICIOUS_MOVE = YES;
				CLANG_WARN_UNGUARDED_AVAILABILITY = YES_AGGRESSIVE;
				CLANG_WARN_UNREACHABLE_CODE = YES;
				CLANG_WARN__DUPLICATE_METHOD_MATCH = YES;
				COPY_PHASE_STRIP = NO;
				DEBUG_INFORMATION_FORMAT = "dwarf-with-dsym";
				ENABLE_NS_ASSERTIONS = NO;
				ENABLE_STRICT_OBJC_MSGSEND = YES;
				GCC_C_LANGUAGE_STANDARD = gnu11;
				GCC_NO_COMMON_BLOCKS = YES;
				GCC_WARN_64_TO_32_BIT_CONVERSION = YES;
				GCC_WARN_ABOUT_RETURN_TYPE = YES_ERROR;
				GCC_WARN_UNDECLARED_SELECTOR = YES;
				GCC_WARN_UNINITIALIZED_AUTOS = YES_AGGRESSIVE;
				GCC_WARN_UNUSED_FUNCTION = YES;
				GCC_WARN_UNUSED_VARIABLE = YES;
				MACOSX_DEPLOYMENT_TARGET = 13.1;
				MTL_ENABLE_DEBUG_INFO = NO;
				MTL_FAST_MATH = YES;
				SDKROOT = macosx13.1;
				SWIFT_COMPILATION_MODE = wholemodule;
				SWIFT_OPTIMIZATION_LEVEL = "-O";
			};
			name = Release;
		};
		0C42BDC329DCAF9B00BA0ADB /* Debug */ = {
			isa = XCBuildConfiguration;
			buildSettings = {
				ALWAYS_EMBED_SWIFT_STANDARD_LIBRARIES = YES;
				ASSETCATALOG_COMPILER_APPICON_NAME = AppIcon;
				ASSETCATALOG_COMPILER_GLOBAL_ACCENT_COLOR_NAME = AccentColor;
				CODE_SIGN_ENTITLEMENTS = Raccacoonie/Raccacoonie.entitlements;
				CODE_SIGN_STYLE = Automatic;
				COMBINE_HIDPI_IMAGES = YES;
				CURRENT_PROJECT_VERSION = 1;
				DEVELOPMENT_ASSET_PATHS = "\"Raccacoonie/Preview Content\"";
				DEVELOPMENT_TEAM = HKRPDMYH64;
				ENABLE_HARDENED_RUNTIME = YES;
				ENABLE_PREVIEWS = YES;
				GENERATE_INFOPLIST_FILE = YES;
				INFOPLIST_FILE = Raccacoonie/Info.plist;
				INFOPLIST_KEY_NSHumanReadableCopyright = "";
				LD_RUNPATH_SEARCH_PATHS = (
					"$(inherited)",
					"@executable_path/../Frameworks",
				);
				MARKETING_VERSION = 1.0;
				PRODUCT_BUNDLE_IDENTIFIER = com.ccc.Raccacoonie;
				PRODUCT_NAME = "$(TARGET_NAME)";
				SWIFT_EMIT_LOC_STRINGS = YES;
				SWIFT_VERSION = 5.0;
			};
			name = Debug;
		};
		0C42BDC429DCAF9B00BA0ADB /* Release */ = {
			isa = XCBuildConfiguration;
			buildSettings = {
				ALWAYS_EMBED_SWIFT_STANDARD_LIBRARIES = YES;
				ASSETCATALOG_COMPILER_APPICON_NAME = AppIcon;
				ASSETCATALOG_COMPILER_GLOBAL_ACCENT_COLOR_NAME = AccentColor;
				CODE_SIGN_ENTITLEMENTS = Raccacoonie/Raccacoonie.entitlements;
				CODE_SIGN_STYLE = Automatic;
				COMBINE_HIDPI_IMAGES = YES;
				CURRENT_PROJECT_VERSION = 1;
				DEVELOPMENT_ASSET_PATHS = "\"Raccacoonie/Preview Content\"";
				DEVELOPMENT_TEAM = HKRPDMYH64;
				ENABLE_HARDENED_RUNTIME = YES;
				ENABLE_PREVIEWS = YES;
				GENERATE_INFOPLIST_FILE = YES;
				INFOPLIST_FILE = Raccacoonie/Info.plist;
				INFOPLIST_KEY_NSHumanReadableCopyright = "";
				LD_RUNPATH_SEARCH_PATHS = (
					"$(inherited)",
					"@executable_path/../Frameworks",
				);
				MARKETING_VERSION = 1.0;
				PRODUCT_BUNDLE_IDENTIFIER = com.ccc.Raccacoonie;
				PRODUCT_NAME = "$(TARGET_NAME)";
				SWIFT_EMIT_LOC_STRINGS = YES;
				SWIFT_VERSION = 5.0;
			};
			name = Release;
		};
/* End XCBuildConfiguration section */

/* Begin XCConfigurationList section */
		0C42BD9829DCAF9A00BA0ADB /* Build configuration list for PBXProject "Raccacoonie" */ = {
			isa = XCConfigurationList;
			buildConfigurations = (
				0C42BDC029DCAF9B00BA0ADB /* Debug */,
				0C42BDC129DCAF9B00BA0ADB /* Release */,
			);
			defaultConfigurationIsVisible = 0;
			defaultConfigurationName = Release;
		};
		0C42BDC229DCAF9B00BA0ADB /* Build configuration list for PBXNativeTarget "Raccacoonie" */ = {
			isa = XCConfigurationList;
			buildConfigurations = (
				0C42BDC329DCAF9B00BA0ADB /* Debug */,
				0C42BDC429DCAF9B00BA0ADB /* Release */,
			);
			defaultConfigurationIsVisible = 0;
			defaultConfigurationName = Release;
		};
/* End XCConfigurationList section */

/* Begin XCRemoteSwiftPackageReference section */
		0C70B94A29ECBAE300483322 /* XCRemoteSwiftPackageReference "SpotifyAPI" */ = {
			isa = XCRemoteSwiftPackageReference;
			repositoryURL = "https://github.com/Peter-Schorn/SpotifyAPI.git";
			requirement = {
				kind = upToNextMajorVersion;
				minimumVersion = 2.0.0;
			};
		};
/* End XCRemoteSwiftPackageReference section */

/* Begin XCSwiftPackageProductDependency section */
		0C70B94B29ECBAE300483322 /* SpotifyAPI */ = {
			isa = XCSwiftPackageProductDependency;
			package = 0C70B94A29ECBAE300483322 /* XCRemoteSwiftPackageReference "SpotifyAPI" */;
			productName = SpotifyAPI;
		};
/* End XCSwiftPackageProductDependency section */
	};
	rootObject = 0C42BD9529DCAF9A00BA0ADB /* Project object */;
}
